<?xml version="1.0" encoding="utf-8"?>
<Project ToolsVersion="4.0" xmlns="http://schemas.microsoft.com/developer/msbuild/2003">
  <ItemGroup>
    <ClCompile Include="src\core\GameManager.cpp">
      <Filter>Source\Game</Filter>
    </ClCompile>
    <ClCompile Include="src\Main.cpp">
      <Filter>Source\Game</Filter>
    </ClCompile>
    <ClCompile Include="src\app\Scene1.cpp">
      <Filter>Source\Game</Filter>
    </ClCompile>
    <ClCompile Include="src\utils\Timer.cpp">
      <Filter>Source\Game</Filter>
    </ClCompile>
    <ClCompile Include="src\core\Window.cpp">
      <Filter>Source\Game</Filter>
    </ClCompile>
    <ClCompile Include="src\core\physics\Body.cpp">
      <Filter>Source\Movement</Filter>
    </ClCompile>
    <ClCompile Include="src\app\Character.cpp">
      <Filter>Source\Movement</Filter>
    </ClCompile>
    <ClCompile Include="src\core\physics\PlayerBody.cpp">
      <Filter>Source\Movement</Filter>
    </ClCompile>
    <ClCompile Include="src\core\physics\StaticBody.cpp">
      <Filter>Source\Movement</Filter>
    </ClCompile>
    <ClCompile Include="src\core\ai\KinematicSteeringOutput.cpp">
      <Filter>Source\Behaviours</Filter>
    </ClCompile>
    <ClCompile Include="src\core\ai\steering\SteeringOutput.cpp">
      <Filter>Source\Behaviours</Filter>
    </ClCompile>
    <ClCompile Include="src\app\Level.cpp">
      <Filter>Source\Game</Filter>
    </ClCompile>
    <ClCompile Include="src\utils\SpriteSheet.cpp">
      <Filter>Source\Game</Filter>
    </ClCompile>
    <ClCompile Include="src\app\Alien.cpp">
      <Filter>Source\Game</Filter>
    </ClCompile>
    <ClCompile Include="src\core\ai\KinematicArrive.cpp">
      <Filter>Source\AI</Filter>
    </ClCompile>
    <ClCompile Include="src\core\ai\KinematicSeparation.cpp">
      <Filter>Source\AI</Filter>
    </ClCompile>
    <ClCompile Include="src\app\Spaceship.cpp">
      <Filter>Source\Game</Filter>
    </ClCompile>
    <ClCompile Include="src\core\AudioManager.cpp">
      <Filter>Source\Game</Filter>
    </ClCompile>
    <ClCompile Include="src\app\Bullet.cpp">
      <Filter>Source\Game</Filter>
    </ClCompile>
    <ClCompile Include="src\app\Gun.cpp">
      <Filter>Source\Game</Filter>
    </ClCompile>
    <ClCompile Include="src\utils\ResourseManager.cpp">
      <Filter>Source\Game</Filter>
    </ClCompile>
    <ClCompile Include="src\utils\TextureCache.cpp">
      <Filter>Source\Game</Filter>
    </ClCompile>
  </ItemGroup>
  <ItemGroup>
    <ClInclude Include="src\core\GameManager.h">
      <Filter>Header\Game</Filter>
    </ClInclude>
    <ClInclude Include="src\core\Scene.h">
      <Filter>Header\Game</Filter>
    </ClInclude>
    <ClInclude Include="src\app\Scene1.h">
      <Filter>Header\Game</Filter>
    </ClInclude>
    <ClInclude Include="src\utils\Timer.h">
      <Filter>Header\Game</Filter>
    </ClInclude>
    <ClInclude Include="src\core\Window.h">
      <Filter>Header\Game</Filter>
    </ClInclude>
    <ClInclude Include="src\core\physics\Body.h">
      <Filter>Header\Movement</Filter>
    </ClInclude>
    <ClInclude Include="src\app\Character.h">
      <Filter>Header\Movement</Filter>
    </ClInclude>
    <ClInclude Include="src\core\physics\PlayerBody.h">
      <Filter>Header\Movement</Filter>
    </ClInclude>
    <ClInclude Include="src\core\physics\StaticBody.h">
      <Filter>Header\Movement</Filter>
    </ClInclude>
    <ClInclude Include="src\core\ai\steering\SteeringOutput.h">
      <Filter>Header\Behaviours</Filter>
    </ClInclude>
    <ClInclude Include="src\core\ai\KinematicSteeringOutput.h">
      <Filter>Header\Behaviours</Filter>
    </ClInclude>
    <ClInclude Include="src\app\Level.h">
      <Filter>Header\Game</Filter>
    </ClInclude>
    <ClInclude Include="src\utils\SpriteSheet.h">
      <Filter>Header\Game</Filter>
    </ClInclude>
    <ClInclude Include="src\app\Alien.h">
      <Filter>Header\Game</Filter>
    </ClInclude>
    <ClInclude Include="src\app\Spaceship.h">
      <Filter>Header\Game</Filter>
    </ClInclude>
    <ClInclude Include="src\app\Bullet.h">
      <Filter>Header\Game</Filter>
    </ClInclude>
    <ClInclude Include="src\utils\TextureCache.h">
      <Filter>Header\Game</Filter>
    </ClInclude>
    <ClInclude Include="src\core\AudioManager.h">
      <Filter>Header\Game</Filter>
    </ClInclude>
    <ClInclude Include="src\app\Gun.h">
      <Filter>Header\Game</Filter>
    </ClInclude>
    <ClInclude Include="src\utils\ResourseManager.h">
      <Filter>Header\Game</Filter>
    </ClInclude>
  </ItemGroup>
  <ItemGroup>
    <Filter Include="Header">
      <UniqueIdentifier>{5451fb2e-1940-48c1-abe3-0bcaf9114dd5}</UniqueIdentifier>
    </Filter>
    <Filter Include="Source">
      <UniqueIdentifier>{ba5f90dc-331a-464b-a816-ff455178ce76}</UniqueIdentifier>
    </Filter>
    <Filter Include="Header\Game">
      <UniqueIdentifier>{db188457-a343-435b-890d-952c75589353}</UniqueIdentifier>
    </Filter>
    <Filter Include="Header\Movement">
      <UniqueIdentifier>{61897aa7-9a24-40f8-800b-1a23f3f97722}</UniqueIdentifier>
    </Filter>
    <Filter Include="Source\Game">
      <UniqueIdentifier>{90a02d8d-f619-4586-af7c-a25a6cbd85aa}</UniqueIdentifier>
    </Filter>
    <Filter Include="Source\Movement">
      <UniqueIdentifier>{e35b2a02-828f-4b46-8c14-a2d3cb5b8406}</UniqueIdentifier>
    </Filter>
    <Filter Include="Header\Behaviours">
      <UniqueIdentifier>{d2c8a52c-4bae-4504-a2cc-64b5e43a3898}</UniqueIdentifier>
    </Filter>
    <Filter Include="Source\Behaviours">
      <UniqueIdentifier>{66eebd98-bf63-432a-a768-6b60bd0e087d}</UniqueIdentifier>
    </Filter>
    <Filter Include="Source\AI">
      <UniqueIdentifier>{bea73e54-c051-49cf-a79f-03d66e97df98}</UniqueIdentifier>
    </Filter>
  </ItemGroup>
</Project>